{
  "version": 4,
  "terraform_version": "0.12.17",
  "serial": 2,
  "lineage": "ac34548d-d101-40ee-c517-1e9a55b64226",
  "outputs": {
    "remote_state_configuration_example": {
      "value": "\n\n  terraform {\n    required_version = \"\u003e= 0.12\"\n\n    backend \"s3\" {\n      # this key must be unique for each layer!\n      bucket  = \"210330326423-build-state-bucket\"\n      key     = \"terraform.EXAMPLE.000base.tfstate\"\n      region  = \"eu-west-1\"\n      encrypt = \"true\"\n    }\n  }\n",
      "type": "string"
    },
    "state_bucket_id": {
      "value": "210330326423-build-state-bucket",
      "type": "string"
    },
    "state_bucket_region": {
      "value": "eu-west-1",
      "type": "string"
    },
    "state_import_example": {
      "value": "\n\n  data \"terraform_remote_state\" \"main_state\" {\n    backend = \"local\"\n\n    config = {\n      path = \"../../_main/terraform.tfstate\"\n    }\n  }\n",
      "type": "string"
    }
  },
  "resources": [
    {
      "mode": "data",
      "type": "aws_caller_identity",
      "name": "current",
      "provider": "provider.aws",
      "instances": [
        {
          "schema_version": 0,
          "attributes": {
            "account_id": "210330326423",
            "arn": "arn:aws:sts::210330326423:assumed-role/Rackspace/racker-tine-e0049d29",
            "id": "2020-08-20 13:43:52.742594 +0000 UTC",
            "user_id": "AROATB6FKCWLUJZ2Z3EKH:racker-tine-e0049d29"
          }
        }
      ]
    },
    {
      "mode": "managed",
      "type": "aws_s3_bucket",
      "name": "state",
      "provider": "provider.aws",
      "instances": [
        {
          "schema_version": 0,
          "attributes": {
            "acceleration_status": "",
            "acl": "private",
            "arn": "arn:aws:s3:::210330326423-build-state-bucket",
            "bucket": "210330326423-build-state-bucket",
            "bucket_domain_name": "210330326423-build-state-bucket.s3.amazonaws.com",
            "bucket_prefix": null,
            "bucket_regional_domain_name": "210330326423-build-state-bucket.s3.eu-west-1.amazonaws.com",
            "cors_rule": [],
            "force_destroy": true,
            "grant": [],
            "hosted_zone_id": "Z1BKCTXD74EZPE",
            "id": "210330326423-build-state-bucket",
            "lifecycle_rule": [
              {
                "abort_incomplete_multipart_upload_days": 0,
                "enabled": true,
                "expiration": [
                  {
                    "date": "",
                    "days": 30,
                    "expired_object_delete_marker": false
                  }
                ],
                "id": "Expire30",
                "noncurrent_version_expiration": [
                  {
                    "days": 30
                  }
                ],
                "noncurrent_version_transition": [],
                "prefix": "",
                "tags": null,
                "transition": []
              }
            ],
            "logging": [],
            "object_lock_configuration": [],
            "policy": null,
            "region": "eu-west-1",
            "replication_configuration": [],
            "request_payer": "BucketOwner",
            "server_side_encryption_configuration": [
              {
                "rule": [
                  {
                    "apply_server_side_encryption_by_default": [
                      {
                        "kms_master_key_id": "",
                        "sse_algorithm": "AES256"
                      }
                    ]
                  }
                ]
              }
            ],
            "tags": {
              "ServiceProvider": "Rackspace"
            },
            "versioning": [
              {
                "enabled": true,
                "mfa_delete": false
              }
            ],
            "website": [],
            "website_domain": null,
            "website_endpoint": null
          },
          "private": "bnVsbA=="
        }
      ]
    }
  ]
}
